
Microsoft Visual Studio Solution File, Format Version 12.00
# Visual Studio Version 17
VisualStudioVersion = 17.8.34511.84
MinimumVisualStudioVersion = 10.0.40219.1
Project("{FAE04EC0-301F-11D3-BF4B-00C04F79EFBC}") = "MakinaBolumu_Ders1", "MakinaBolumu_Ders1\MakinaBolumu_Ders1.csproj", "{23A5C517-38A1-462F-B504-FCCD413F16A8}"
EndProject
Project("{FAE04EC0-301F-11D3-BF4B-00C04F79EFBC}") = "MakinaBolumu_Ders2", "MakinaBolumu_Ders2\MakinaBolumu_Ders2.csproj", "{48186985-EAE0-47E2-BC58-567B8D5A590F}"
EndProject
Project("{FAE04EC0-301F-11D3-BF4B-00C04F79EFBC}") = "MakinaBolumu_Ders3", "MakinaBolumu_Ders3\MakinaBolumu_Ders3.csproj", "{DDA9C87A-1D80-4A86-B8E0-BAFBCC26E316}"
EndProject
Project("{FAE04EC0-301F-11D3-BF4B-00C04F79EFBC}") = "MakinaBolumu_Ders4", "MakinaBolumu_Ders4\MakinaBolumu_Ders4.csproj", "{60BEBD63-6D75-40A6-8B45-A9DD3077BC72}"
EndProject
Global
	GlobalSection(SolutionConfigurationPlatforms) = preSolution
		Debug|Any CPU = Debug|Any CPU
		Release|Any CPU = Release|Any CPU
	EndGlobalSection
	GlobalSection(ProjectConfigurationPlatforms) = postSolution
		{23A5C517-38A1-462F-B504-FCCD413F16A8}.Debug|Any CPU.ActiveCfg = Debug|Any CPU
		{23A5C517-38A1-462F-B504-FCCD413F16A8}.Debug|Any CPU.Build.0 = Debug|Any CPU
		{23A5C517-38A1-462F-B504-FCCD413F16A8}.Release|Any CPU.ActiveCfg = Release|Any CPU
		{23A5C517-38A1-462F-B504-FCCD413F16A8}.Release|Any CPU.Build.0 = Release|Any CPU
		{48186985-EAE0-47E2-BC58-567B8D5A590F}.Debug|Any CPU.ActiveCfg = Debug|Any CPU
		{48186985-EAE0-47E2-BC58-567B8D5A590F}.Debug|Any CPU.Build.0 = Debug|Any CPU
		{48186985-EAE0-47E2-BC58-567B8D5A590F}.Release|Any CPU.ActiveCfg = Release|Any CPU
		{48186985-EAE0-47E2-BC58-567B8D5A590F}.Release|Any CPU.Build.0 = Release|Any CPU
		{DDA9C87A-1D80-4A86-B8E0-BAFBCC26E316}.Debug|Any CPU.ActiveCfg = Debug|Any CPU
		{DDA9C87A-1D80-4A86-B8E0-BAFBCC26E316}.Debug|Any CPU.Build.0 = Debug|Any CPU
		{DDA9C87A-1D80-4A86-B8E0-BAFBCC26E316}.Release|Any CPU.ActiveCfg = Release|Any CPU
		{DDA9C87A-1D80-4A86-B8E0-BAFBCC26E316}.Release|Any CPU.Build.0 = Release|Any CPU
		{60BEBD63-6D75-40A6-8B45-A9DD3077BC72}.Debug|Any CPU.ActiveCfg = Debug|Any CPU
		{60BEBD63-6D75-40A6-8B45-A9DD3077BC72}.Debug|Any CPU.Build.0 = Debug|Any CPU
		{60BEBD63-6D75-40A6-8B45-A9DD3077BC72}.Release|Any CPU.ActiveCfg = Release|Any CPU
		{60BEBD63-6D75-40A6-8B45-A9DD3077BC72}.Release|Any CPU.Build.0 = Release|Any CPU
	EndGlobalSection
	GlobalSection(SolutionProperties) = preSolution
		HideSolutionNode = FALSE
	EndGlobalSection
	GlobalSection(ExtensibilityGlobals) = postSolution
		SolutionGuid = {EB3F8951-15BD-447D-ABA0-921B6404B193}
	EndGlobalSection
EndGlobal
